
Microsoft Visual Studio Solution File, Format Version 12.00
# Visual Studio Version 17
VisualStudioVersion = 17.1.32328.378
MinimumVisualStudioVersion = 10.0.40219.1
Project("{FAE04EC0-301F-11D3-BF4B-00C04F79EFBC}") = "ITMO.CS.WF.Lab1", "ITMO.CS.WF.Lab1\ITMO.CS.WF.Lab1.csproj", "{487D6F85-E113-4F03-BEBB-478FCCA17144}"
EndProject
Project("{FAE04EC0-301F-11D3-BF4B-00C04F79EFBC}") = "ITMO.CS.WF.Lab2", "ITMO.CS.WF.Lab2\ITMO.CS.WF.Lab2.csproj", "{E0C238AA-55BD-4A9E-97ED-FF10C5BCB1C7}"
EndProject
Project("{FAE04EC0-301F-11D3-BF4B-00C04F79EFBC}") = "ITMO.CS.WF.Lab3", "ITMO.CS.WF.Lab3\ITMO.CS.WF.Lab3.csproj", "{1BFAA5A6-FC96-4120-BC89-A355BAEC70A0}"
EndProject
Project("{FAE04EC0-301F-11D3-BF4B-00C04F79EFBC}") = "ITMO.CS.WF.Lab5", "ITMO.CS.WF.Lab5\ITMO.CS.WF.Lab5.csproj", "{AE4DF86F-E94F-4382-B8FA-7C0F8D63C8FC}"
EndProject
Global
	GlobalSection(SolutionConfigurationPlatforms) = preSolution
		Debug|Any CPU = Debug|Any CPU
		Release|Any CPU = Release|Any CPU
	EndGlobalSection
	GlobalSection(ProjectConfigurationPlatforms) = postSolution
		{487D6F85-E113-4F03-BEBB-478FCCA17144}.Debug|Any CPU.ActiveCfg = Debug|Any CPU
		{487D6F85-E113-4F03-BEBB-478FCCA17144}.Debug|Any CPU.Build.0 = Debug|Any CPU
		{487D6F85-E113-4F03-BEBB-478FCCA17144}.Release|Any CPU.ActiveCfg = Release|Any CPU
		{487D6F85-E113-4F03-BEBB-478FCCA17144}.Release|Any CPU.Build.0 = Release|Any CPU
		{E0C238AA-55BD-4A9E-97ED-FF10C5BCB1C7}.Debug|Any CPU.ActiveCfg = Debug|Any CPU
		{E0C238AA-55BD-4A9E-97ED-FF10C5BCB1C7}.Debug|Any CPU.Build.0 = Debug|Any CPU
		{E0C238AA-55BD-4A9E-97ED-FF10C5BCB1C7}.Release|Any CPU.ActiveCfg = Release|Any CPU
		{E0C238AA-55BD-4A9E-97ED-FF10C5BCB1C7}.Release|Any CPU.Build.0 = Release|Any CPU
		{1BFAA5A6-FC96-4120-BC89-A355BAEC70A0}.Debug|Any CPU.ActiveCfg = Debug|Any CPU
		{1BFAA5A6-FC96-4120-BC89-A355BAEC70A0}.Debug|Any CPU.Build.0 = Debug|Any CPU
		{1BFAA5A6-FC96-4120-BC89-A355BAEC70A0}.Release|Any CPU.ActiveCfg = Release|Any CPU
		{1BFAA5A6-FC96-4120-BC89-A355BAEC70A0}.Release|Any CPU.Build.0 = Release|Any CPU
		{AE4DF86F-E94F-4382-B8FA-7C0F8D63C8FC}.Debug|Any CPU.ActiveCfg = Debug|Any CPU
		{AE4DF86F-E94F-4382-B8FA-7C0F8D63C8FC}.Debug|Any CPU.Build.0 = Debug|Any CPU
		{AE4DF86F-E94F-4382-B8FA-7C0F8D63C8FC}.Release|Any CPU.ActiveCfg = Release|Any CPU
		{AE4DF86F-E94F-4382-B8FA-7C0F8D63C8FC}.Release|Any CPU.Build.0 = Release|Any CPU
	EndGlobalSection
	GlobalSection(SolutionProperties) = preSolution
		HideSolutionNode = FALSE
	EndGlobalSection
	GlobalSection(ExtensibilityGlobals) = postSolution
		SolutionGuid = {F7DC7320-D3D4-4664-9CF3-937FBE39114E}
	EndGlobalSection
EndGlobal
